// !$*UTF8*$!
{
	archiveVersion = 1;
	classes = {
	};
	objectVersion = 46;
	objects = {

/* Begin PBXBuildFile section */
		5C5A9EE619B89A610080DCEC /* 5445BSX.JPG in Resources */ = {isa = PBXBuildFile; fileRef = 5C5A9EE519B89A610080DCEC /* 5445BSX.JPG */; };
		5C5A9EE919B8A10D0080DCEC /* UIImage+OpenCV.mm in Sources */ = {isa = PBXBuildFile; fileRef = 5C5A9EE819B8A10D0080DCEC /* UIImage+OpenCV.mm */; };
		5C5A9EEB19B8A2750080DCEC /* ImageProcessor.cpp in Sources */ = {isa = PBXBuildFile; fileRef = 5C5A9EEA19B8A2750080DCEC /* ImageProcessor.cpp */; };
		5C5A9EF019B8A4620080DCEC /* libz.dylib in Frameworks */ = {isa = PBXBuildFile; fileRef = 5C5A9EEF19B8A4620080DCEC /* libz.dylib */; };
		5C5A9EF219B8A4770080DCEC /* libc++.dylib in Frameworks */ = {isa = PBXBuildFile; fileRef = 5C5A9EF119B8A4770080DCEC /* libc++.dylib */; };
		5C5A9EF319B8A4890080DCEC /* ImageIO.framework in Frameworks */ = {isa = PBXBuildFile; fileRef = 5C5A9EED19B8A44F0080DCEC /* ImageIO.framework */; };
		5C5A9EF519B8A4950080DCEC /* CoreMedia.framework in Frameworks */ = {isa = PBXBuildFile; fileRef = 5C5A9EF419B8A4950080DCEC /* CoreMedia.framework */; };
		5C5A9EF719B8A7DE0080DCEC /* opencv2.framework in Frameworks */ = {isa = PBXBuildFile; fileRef = 5C5A9EF619B8A7DE0080DCEC /* opencv2.framework */; };
		5CA3026119B6EA9400A1337A /* Foundation.framework in Frameworks */ = {isa = PBXBuildFile; fileRef = 5CA3026019B6EA9400A1337A /* Foundation.framework */; };
		5CA3026319B6EA9400A1337A /* CoreGraphics.framework in Frameworks */ = {isa = PBXBuildFile; fileRef = 5CA3026219B6EA9400A1337A /* CoreGraphics.framework */; };
		5CA3026519B6EA9500A1337A /* UIKit.framework in Frameworks */ = {isa = PBXBuildFile; fileRef = 5CA3026419B6EA9500A1337A /* UIKit.framework */; };
		5CA3026B19B6EA9500A1337A /* InfoPlist.strings in Resources */ = {isa = PBXBuildFile; fileRef = 5CA3026919B6EA9500A1337A /* InfoPlist.strings */; };
		5CA3026D19B6EA9500A1337A /* main.m in Sources */ = {isa = PBXBuildFile; fileRef = 5CA3026C19B6EA9500A1337A /* main.m */; };
		5CA3027119B6EA9500A1337A /* AppDelegate.m in Sources */ = {isa = PBXBuildFile; fileRef = 5CA3027019B6EA9500A1337A /* AppDelegate.m */; };
		5CA3027419B6EA9500A1337A /* Main.storyboard in Resources */ = {isa = PBXBuildFile; fileRef = 5CA3027219B6EA9500A1337A /* Main.storyboard */; };
		5CA3027719B6EA9500A1337A /* ViewController.m in Sources */ = {isa = PBXBuildFile; fileRef = 5CA3027619B6EA9500A1337A /* ViewController.m */; };
		5CA3027919B6EA9500A1337A /* Images.xcassets in Resources */ = {isa = PBXBuildFile; fileRef = 5CA3027819B6EA9500A1337A /* Images.xcassets */; };
		5CA3028019B6EA9500A1337A /* XCTest.framework in Frameworks */ = {isa = PBXBuildFile; fileRef = 5CA3027F19B6EA9500A1337A /* XCTest.framework */; };
		5CA3028119B6EA9500A1337A /* Foundation.framework in Frameworks */ = {isa = PBXBuildFile; fileRef = 5CA3026019B6EA9400A1337A /* Foundation.framework */; };
		5CA3028219B6EA9500A1337A /* UIKit.framework in Frameworks */ = {isa = PBXBuildFile; fileRef = 5CA3026419B6EA9500A1337A /* UIKit.framework */; };
		5CA3028A19B6EA9500A1337A /* InfoPlist.strings in Resources */ = {isa = PBXBuildFile; fileRef = 5CA3028819B6EA9500A1337A /* InfoPlist.strings */; };
		5CA3028C19B6EA9500A1337A /* OpenCVTestTests.m in Sources */ = {isa = PBXBuildFile; fileRef = 5CA3028B19B6EA9500A1337A /* OpenCVTestTests.m */; };
/* End PBXBuildFile section */

/* Begin PBXContainerItemProxy section */
		5CA3028319B6EA9500A1337A /* PBXContainerItemProxy */ = {
			isa = PBXContainerItemProxy;
			containerPortal = 5CA3025519B6EA9400A1337A /* Project object */;
			proxyType = 1;
			remoteGlobalIDString = 5CA3025C19B6EA9400A1337A;
			remoteInfo = OpenCVTest;
		};
/* End PBXContainerItemProxy section */

/* Begin PBXFileReference section */
		5C5A9EE519B89A610080DCEC /* 5445BSX.JPG */ = {isa = PBXFileReference; lastKnownFileType = image.jpeg; path = 5445BSX.JPG; sourceTree = "<group>"; };
		5C5A9EE719B8A10D0080DCEC /* UIImage+OpenCV.h */ = {isa = PBXFileReference; fileEncoding = 4; lastKnownFileType = sourcecode.c.h; path = "UIImage+OpenCV.h"; sourceTree = "<group>"; };
		5C5A9EE819B8A10D0080DCEC /* UIImage+OpenCV.mm */ = {isa = PBXFileReference; fileEncoding = 4; lastKnownFileType = sourcecode.cpp.objcpp; path = "UIImage+OpenCV.mm"; sourceTree = "<group>"; };
		5C5A9EEA19B8A2750080DCEC /* ImageProcessor.cpp */ = {isa = PBXFileReference; fileEncoding = 4; lastKnownFileType = sourcecode.cpp.cpp; path = ImageProcessor.cpp; sourceTree = "<group>"; };
		5C5A9EEC19B8A2AA0080DCEC /* ImageProcessor.h */ = {isa = PBXFileReference; lastKnownFileType = sourcecode.c.h; path = ImageProcessor.h; sourceTree = "<group>"; };
		5C5A9EED19B8A44F0080DCEC /* ImageIO.framework */ = {isa = PBXFileReference; lastKnownFileType = wrapper.framework; name = ImageIO.framework; path = System/Library/Frameworks/ImageIO.framework; sourceTree = SDKROOT; };
		5C5A9EEF19B8A4620080DCEC /* libz.dylib */ = {isa = PBXFileReference; lastKnownFileType = "compiled.mach-o.dylib"; name = libz.dylib; path = usr/lib/libz.dylib; sourceTree = SDKROOT; };
		5C5A9EF119B8A4770080DCEC /* libc++.dylib */ = {isa = PBXFileReference; lastKnownFileType = "compiled.mach-o.dylib"; name = "libc++.dylib"; path = "usr/lib/libc++.dylib"; sourceTree = SDKROOT; };
		5C5A9EF419B8A4950080DCEC /* CoreMedia.framework */ = {isa = PBXFileReference; lastKnownFileType = wrapper.framework; name = CoreMedia.framework; path = System/Library/Frameworks/CoreMedia.framework; sourceTree = SDKROOT; };
		5C5A9EF619B8A7DE0080DCEC /* opencv2.framework */ = {isa = PBXFileReference; lastKnownFileType = wrapper.framework; path = opencv2.framework; sourceTree = "<group>"; };
		5CA3025D19B6EA9400A1337A /* OpenCVTest.app */ = {isa = PBXFileReference; explicitFileType = wrapper.application; includeInIndex = 0; path = OpenCVTest.app; sourceTree = BUILT_PRODUCTS_DIR; };
		5CA3026019B6EA9400A1337A /* Foundation.framework */ = {isa = PBXFileReference; lastKnownFileType = wrapper.framework; name = Foundation.framework; path = System/Library/Frameworks/Foundation.framework; sourceTree = SDKROOT; };
		5CA3026219B6EA9400A1337A /* CoreGraphics.framework */ = {isa = PBXFileReference; lastKnownFileType = wrapper.framework; name = CoreGraphics.framework; path = System/Library/Frameworks/CoreGraphics.framework; sourceTree = SDKROOT; };
		5CA3026419B6EA9500A1337A /* UIKit.framework */ = {isa = PBXFileReference; lastKnownFileType = wrapper.framework; name = UIKit.framework; path = System/Library/Frameworks/UIKit.framework; sourceTree = SDKROOT; };
		5CA3026819B6EA9500A1337A /* OpenCVTest-Info.plist */ = {isa = PBXFileReference; lastKnownFileType = text.plist.xml; path = "OpenCVTest-Info.plist"; sourceTree = "<group>"; };
		5CA3026A19B6EA9500A1337A /* en */ = {isa = PBXFileReference; lastKnownFileType = text.plist.strings; name = en; path = en.lproj/InfoPlist.strings; sourceTree = "<group>"; };
		5CA3026C19B6EA9500A1337A /* main.m */ = {isa = PBXFileReference; lastKnownFileType = sourcecode.c.objc; path = main.m; sourceTree = "<group>"; };
		5CA3026E19B6EA9500A1337A /* OpenCVTest-Prefix.pch */ = {isa = PBXFileReference; lastKnownFileType = sourcecode.c.h; path = "OpenCVTest-Prefix.pch"; sourceTree = "<group>"; };
		5CA3026F19B6EA9500A1337A /* AppDelegate.h */ = {isa = PBXFileReference; lastKnownFileType = sourcecode.c.h; path = AppDelegate.h; sourceTree = "<group>"; };
		5CA3027019B6EA9500A1337A /* AppDelegate.m */ = {isa = PBXFileReference; lastKnownFileType = sourcecode.c.objc; path = AppDelegate.m; sourceTree = "<group>"; };
		5CA3027319B6EA9500A1337A /* Base */ = {isa = PBXFileReference; lastKnownFileType = file.storyboard; name = Base; path = Base.lproj/Main.storyboard; sourceTree = "<group>"; };
		5CA3027519B6EA9500A1337A /* ViewController.h */ = {isa = PBXFileReference; lastKnownFileType = sourcecode.c.h; path = ViewController.h; sourceTree = "<group>"; };
		5CA3027619B6EA9500A1337A /* ViewController.m */ = {isa = PBXFileReference; lastKnownFileType = sourcecode.c.objc; path = ViewController.m; sourceTree = "<group>"; };
		5CA3027819B6EA9500A1337A /* Images.xcassets */ = {isa = PBXFileReference; lastKnownFileType = folder.assetcatalog; path = Images.xcassets; sourceTree = "<group>"; };
		5CA3027E19B6EA9500A1337A /* OpenCVTestTests.xctest */ = {isa = PBXFileReference; explicitFileType = wrapper.cfbundle; includeInIndex = 0; path = OpenCVTestTests.xctest; sourceTree = BUILT_PRODUCTS_DIR; };
		5CA3027F19B6EA9500A1337A /* XCTest.framework */ = {isa = PBXFileReference; lastKnownFileType = wrapper.framework; name = XCTest.framework; path = Library/Frameworks/XCTest.framework; sourceTree = DEVELOPER_DIR; };
		5CA3028719B6EA9500A1337A /* OpenCVTestTests-Info.plist */ = {isa = PBXFileReference; lastKnownFileType = text.plist.xml; path = "OpenCVTestTests-Info.plist"; sourceTree = "<group>"; };
		5CA3028919B6EA9500A1337A /* en */ = {isa = PBXFileReference; lastKnownFileType = text.plist.strings; name = en; path = en.lproj/InfoPlist.strings; sourceTree = "<group>"; };
		5CA3028B19B6EA9500A1337A /* OpenCVTestTests.m */ = {isa = PBXFileReference; lastKnownFileType = sourcecode.c.objc; path = OpenCVTestTests.m; sourceTree = "<group>"; };
/* End PBXFileReference section */

/* Begin PBXFrameworksBuildPhase section */
		5CA3025A19B6EA9400A1337A /* Frameworks */ = {
			isa = PBXFrameworksBuildPhase;
			buildActionMask = 2147483647;
			files = (
				5C5A9EF519B8A4950080DCEC /* CoreMedia.framework in Frameworks */,
				5C5A9EF319B8A4890080DCEC /* ImageIO.framework in Frameworks */,
				5C5A9EF719B8A7DE0080DCEC /* opencv2.framework in Frameworks */,
				5C5A9EF219B8A4770080DCEC /* libc++.dylib in Frameworks */,
				5C5A9EF019B8A4620080DCEC /* libz.dylib in Frameworks */,
				5CA3026319B6EA9400A1337A /* CoreGraphics.framework in Frameworks */,
				5CA3026519B6EA9500A1337A /* UIKit.framework in Frameworks */,
				5CA3026119B6EA9400A1337A /* Foundation.framework in Frameworks */,
			);
			runOnlyForDeploymentPostprocessing = 0;
		};
		5CA3027B19B6EA9500A1337A /* Frameworks */ = {
			isa = PBXFrameworksBuildPhase;
			buildActionMask = 2147483647;
			files = (
				5CA3028019B6EA9500A1337A /* XCTest.framework in Frameworks */,
				5CA3028219B6EA9500A1337A /* UIKit.framework in Frameworks */,
				5CA3028119B6EA9500A1337A /* Foundation.framework in Frameworks */,
			);
			runOnlyForDeploymentPostprocessing = 0;
		};
/* End PBXFrameworksBuildPhase section */

/* Begin PBXGroup section */
		5CA3025419B6EA9400A1337A = {
			isa = PBXGroup;
			children = (
				5CA3026619B6EA9500A1337A /* OpenCVTest */,
				5CA3028519B6EA9500A1337A /* OpenCVTestTests */,
				5CA3025F19B6EA9400A1337A /* Frameworks */,
				5CA3025E19B6EA9400A1337A /* Products */,
			);
			sourceTree = "<group>";
		};
		5CA3025E19B6EA9400A1337A /* Products */ = {
			isa = PBXGroup;
			children = (
				5CA3025D19B6EA9400A1337A /* OpenCVTest.app */,
				5CA3027E19B6EA9500A1337A /* OpenCVTestTests.xctest */,
			);
			name = Products;
			sourceTree = "<group>";
		};
		5CA3025F19B6EA9400A1337A /* Frameworks */ = {
			isa = PBXGroup;
			children = (
				5C5A9EF619B8A7DE0080DCEC /* opencv2.framework */,
				5C5A9EF419B8A4950080DCEC /* CoreMedia.framework */,
				5C5A9EF119B8A4770080DCEC /* libc++.dylib */,
				5C5A9EEF19B8A4620080DCEC /* libz.dylib */,
				5C5A9EED19B8A44F0080DCEC /* ImageIO.framework */,
				5CA3026019B6EA9400A1337A /* Foundation.framework */,
				5CA3026219B6EA9400A1337A /* CoreGraphics.framework */,
				5CA3026419B6EA9500A1337A /* UIKit.framework */,
				5CA3027F19B6EA9500A1337A /* XCTest.framework */,
			);
			name = Frameworks;
			sourceTree = "<group>";
		};
		5CA3026619B6EA9500A1337A /* OpenCVTest */ = {
			isa = PBXGroup;
			children = (
				5C5A9EEC19B8A2AA0080DCEC /* ImageProcessor.h */,
				5C5A9EEA19B8A2750080DCEC /* ImageProcessor.cpp */,
				5C5A9EE719B8A10D0080DCEC /* UIImage+OpenCV.h */,
				5C5A9EE819B8A10D0080DCEC /* UIImage+OpenCV.mm */,
				5CA3026F19B6EA9500A1337A /* AppDelegate.h */,
				5CA3027019B6EA9500A1337A /* AppDelegate.m */,
				5CA3027219B6EA9500A1337A /* Main.storyboard */,
				5CA3027519B6EA9500A1337A /* ViewController.h */,
				5CA3027619B6EA9500A1337A /* ViewController.m */,
				5CA3027819B6EA9500A1337A /* Images.xcassets */,
				5C5A9EE519B89A610080DCEC /* 5445BSX.JPG */,
				5CA3026719B6EA9500A1337A /* Supporting Files */,
			);
			path = OpenCVTest;
			sourceTree = "<group>";
		};
		5CA3026719B6EA9500A1337A /* Supporting Files */ = {
			isa = PBXGroup;
			children = (
				5CA3026819B6EA9500A1337A /* OpenCVTest-Info.plist */,
				5CA3026919B6EA9500A1337A /* InfoPlist.strings */,
				5CA3026C19B6EA9500A1337A /* main.m */,
				5CA3026E19B6EA9500A1337A /* OpenCVTest-Prefix.pch */,
			);
			name = "Supporting Files";
			sourceTree = "<group>";
		};
		5CA3028519B6EA9500A1337A /* OpenCVTestTests */ = {
			isa = PBXGroup;
			children = (
				5CA3028B19B6EA9500A1337A /* OpenCVTestTests.m */,
				5CA3028619B6EA9500A1337A /* Supporting Files */,
			);
			path = OpenCVTestTests;
			sourceTree = "<group>";
		};
		5CA3028619B6EA9500A1337A /* Supporting Files */ = {
			isa = PBXGroup;
			children = (
				5CA3028719B6EA9500A1337A /* OpenCVTestTests-Info.plist */,
				5CA3028819B6EA9500A1337A /* InfoPlist.strings */,
			);
			name = "Supporting Files";
			sourceTree = "<group>";
		};
/* End PBXGroup section */

/* Begin PBXNativeTarget section */
		5CA3025C19B6EA9400A1337A /* OpenCVTest */ = {
			isa = PBXNativeTarget;
			buildConfigurationList = 5CA3028F19B6EA9500A1337A /* Build configuration list for PBXNativeTarget "OpenCVTest" */;
			buildPhases = (
				5CA3025919B6EA9400A1337A /* Sources */,
				5CA3025A19B6EA9400A1337A /* Frameworks */,
				5CA3025B19B6EA9400A1337A /* Resources */,
			);
			buildRules = (
			);
			dependencies = (
			);
			name = OpenCVTest;
			productName = OpenCVTest;
			productReference = 5CA3025D19B6EA9400A1337A /* OpenCVTest.app */;
			productType = "com.apple.product-type.application";
		};
		5CA3027D19B6EA9500A1337A /* OpenCVTestTests */ = {
			isa = PBXNativeTarget;
			buildConfigurationList = 5CA3029219B6EA9500A1337A /* Build configuration list for PBXNativeTarget "OpenCVTestTests" */;
			buildPhases = (
				5CA3027A19B6EA9500A1337A /* Sources */,
				5CA3027B19B6EA9500A1337A /* Frameworks */,
				5CA3027C19B6EA9500A1337A /* Resources */,
			);
			buildRules = (
			);
			dependencies = (
				5CA3028419B6EA9500A1337A /* PBXTargetDependency */,
			);
			name = OpenCVTestTests;
			productName = OpenCVTestTests;
			productReference = 5CA3027E19B6EA9500A1337A /* OpenCVTestTests.xctest */;
			productType = "com.apple.product-type.bundle.unit-test";
		};
/* End PBXNativeTarget section */

/* Begin PBXProject section */
		5CA3025519B6EA9400A1337A /* Project object */ = {
			isa = PBXProject;
			attributes = {
				LastUpgradeCheck = 0510;
				ORGANIZATIONNAME = "Muhammad Rashid";
				TargetAttributes = {
					5CA3027D19B6EA9500A1337A = {
						TestTargetID = 5CA3025C19B6EA9400A1337A;
					};
				};
			};
			buildConfigurationList = 5CA3025819B6EA9400A1337A /* Build configuration list for PBXProject "OpenCVTest" */;
			compatibilityVersion = "Xcode 3.2";
			developmentRegion = English;
			hasScannedForEncodings = 0;
			knownRegions = (
				en,
				Base,
			);
			mainGroup = 5CA3025419B6EA9400A1337A;
			productRefGroup = 5CA3025E19B6EA9400A1337A /* Products */;
			projectDirPath = "";
			projectRoot = "";
			targets = (
				5CA3025C19B6EA9400A1337A /* OpenCVTest */,
				5CA3027D19B6EA9500A1337A /* OpenCVTestTests */,
			);
		};
/* End PBXProject section */

/* Begin PBXResourcesBuildPhase section */
		5CA3025B19B6EA9400A1337A /* Resources */ = {
			isa = PBXResourcesBuildPhase;
			buildActionMask = 2147483647;
			files = (
				5CA3027919B6EA9500A1337A /* Images.xcassets in Resources */,
				5C5A9EE619B89A610080DCEC /* 5445BSX.JPG in Resources */,
				5CA3026B19B6EA9500A1337A /* InfoPlist.strings in Resources */,
				5CA3027419B6EA9500A1337A /* Main.storyboard in Resources */,
			);
			runOnlyForDeploymentPostprocessing = 0;
		};
		5CA3027C19B6EA9500A1337A /* Resources */ = {
			isa = PBXResourcesBuildPhase;
			buildActionMask = 2147483647;
			files = (
				5CA3028A19B6EA9500A1337A /* InfoPlist.strings in Resources */,
			);
			runOnlyForDeploymentPostprocessing = 0;
		};
/* End PBXResourcesBuildPhase section */

/* Begin PBXSourcesBuildPhase section */
		5CA3025919B6EA9400A1337A /* Sources */ = {
			isa = PBXSourcesBuildPhase;
			buildActionMask = 2147483647;
			files = (
				5C5A9EE919B8A10D0080DCEC /* UIImage+OpenCV.mm in Sources */,
				5CA3027719B6EA9500A1337A /* ViewController.m in Sources */,
				5C5A9EEB19B8A2750080DCEC /* ImageProcessor.cpp in Sources */,
				5CA3027119B6EA9500A1337A /* AppDelegate.m in Sources */,
				5CA3026D19B6EA9500A1337A /* main.m in Sources */,
			);
			runOnlyForDeploymentPostprocessing = 0;
		};
		5CA3027A19B6EA9500A1337A /* Sources */ = {
			isa = PBXSourcesBuildPhase;
			buildActionMask = 2147483647;
			files = (
				5CA3028C19B6EA9500A1337A /* OpenCVTestTests.m in Sources */,
			);
			runOnlyForDeploymentPostprocessing = 0;
		};
/* End PBXSourcesBuildPhase section */

/* Begin PBXTargetDependency section */
		5CA3028419B6EA9500A1337A /* PBXTargetDependency */ = {
			isa = PBXTargetDependency;
			target = 5CA3025C19B6EA9400A1337A /* OpenCVTest */;
			targetProxy = 5CA3028319B6EA9500A1337A /* PBXContainerItemProxy */;
		};
/* End PBXTargetDependency section */

/* Begin PBXVariantGroup section */
		5CA3026919B6EA9500A1337A /* InfoPlist.strings */ = {
			isa = PBXVariantGroup;
			children = (
				5CA3026A19B6EA9500A1337A /* en */,
			);
			name = InfoPlist.strings;
			sourceTree = "<group>";
		};
		5CA3027219B6EA9500A1337A /* Main.storyboard */ = {
			isa = PBXVariantGroup;
			children = (
				5CA3027319B6EA9500A1337A /* Base */,
			);
			name = Main.storyboard;
			sourceTree = "<group>";
		};
		5CA3028819B6EA9500A1337A /* InfoPlist.strings */ = {
			isa = PBXVariantGroup;
			children = (
				5CA3028919B6EA9500A1337A /* en */,
			);
			name = InfoPlist.strings;
			sourceTree = "<group>";
		};
/* End PBXVariantGroup section */

/* Begin XCBuildConfiguration section */
		5CA3028D19B6EA9500A1337A /* Debug */ = {
			isa = XCBuildConfiguration;
			buildSettings = {
				ALWAYS_SEARCH_USER_PATHS = NO;
				CLANG_CXX_LANGUAGE_STANDARD = "gnu++0x";
				CLANG_CXX_LIBRARY = "libc++";
				CLANG_ENABLE_MODULES = YES;
				CLANG_ENABLE_OBJC_ARC = YES;
				CLANG_WARN_BOOL_CONVERSION = YES;
				CLANG_WARN_CONSTANT_CONVERSION = YES;
				CLANG_WARN_DIRECT_OBJC_ISA_USAGE = YES_ERROR;
				CLANG_WARN_EMPTY_BODY = YES;
				CLANG_WARN_ENUM_CONVERSION = YES;
				CLANG_WARN_INT_CONVERSION = YES;
				CLANG_WARN_OBJC_ROOT_CLASS = YES_ERROR;
				CLANG_WARN__DUPLICATE_METHOD_MATCH = YES;
				"CODE_SIGN_IDENTITY[sdk=iphoneos*]" = "iPhone Developer";
				COPY_PHASE_STRIP = NO;
				GCC_C_LANGUAGE_STANDARD = gnu99;
				GCC_DYNAMIC_NO_PIC = NO;
				GCC_OPTIMIZATION_LEVEL = 0;
				GCC_PREPROCESSOR_DEFINITIONS = (
					"DEBUG=1",
					"$(inherited)",
				);
				GCC_SYMBOLS_PRIVATE_EXTERN = NO;
				GCC_WARN_64_TO_32_BIT_CONVERSION = YES;
				GCC_WARN_ABOUT_RETURN_TYPE = YES_ERROR;
				GCC_WARN_UNDECLARED_SELECTOR = YES;
				GCC_WARN_UNINITIALIZED_AUTOS = YES_AGGRESSIVE;
				GCC_WARN_UNUSED_FUNCTION = YES;
				GCC_WARN_UNUSED_VARIABLE = YES;
				IPHONEOS_DEPLOYMENT_TARGET = 7.1;
				ONLY_ACTIVE_ARCH = YES;
				SDKROOT = iphoneos;
			};
			name = Debug;
		};
		5CA3028E19B6EA9500A1337A /* Release */ = {
			isa = XCBuildConfiguration;
			buildSettings = {
				ALWAYS_SEARCH_USER_PATHS = NO;
				CLANG_CXX_LANGUAGE_STANDARD = "gnu++0x";
				CLANG_CXX_LIBRARY = "libc++";
				CLANG_ENABLE_MODULES = YES;
				CLANG_ENABLE_OBJC_ARC = YES;
				CLANG_WARN_BOOL_CONVERSION = YES;
				CLANG_WARN_CONSTANT_CONVERSION = YES;
				CLANG_WARN_DIRECT_OBJC_ISA_USAGE = YES_ERROR;
				CLANG_WARN_EMPTY_BODY = YES;
				CLANG_WARN_ENUM_CONVERSION = YES;
				CLANG_WARN_INT_CONVERSION = YES;
				CLANG_WARN_OBJC_ROOT_CLASS = YES_ERROR;
				CLANG_WARN__DUPLICATE_METHOD_MATCH = YES;
				"CODE_SIGN_IDENTITY[sdk=iphoneos*]" = "iPhone Developer";
				COPY_PHASE_STRIP = YES;
				ENABLE_NS_ASSERTIONS = NO;
				GCC_C_LANGUAGE_STANDARD = gnu99;
				GCC_WARN_64_TO_32_BIT_CONVERSION = YES;
				GCC_WARN_ABOUT_RETURN_TYPE = YES_ERROR;
				GCC_WARN_UNDECLARED_SELECTOR = YES;
				GCC_WARN_UNINITIALIZED_AUTOS = YES_AGGRESSIVE;
				GCC_WARN_UNUSED_FUNCTION = YES;
				GCC_WARN_UNUSED_VARIABLE = YES;
				IPHONEOS_DEPLOYMENT_TARGET = 7.1;
				SDKROOT = iphoneos;
				VALIDATE_PRODUCT = YES;
			};
			name = Release;
		};
		5CA3029019B6EA9500A1337A /* Debug */ = {
			isa = XCBuildConfiguration;
			buildSettings = {
				ASSETCATALOG_COMPILER_APPICON_NAME = AppIcon;
				ASSETCATALOG_COMPILER_LAUNCHIMAGE_NAME = LaunchImage;
				FRAMEWORK_SEARCH_PATHS = (
					"$(inherited)",
					/Users/rashid/Downloads,
					"$(PROJECT_DIR)",
				);
				GCC_PRECOMPILE_PREFIX_HEADER = YES;
				GCC_PREFIX_HEADER = "OpenCVTest/OpenCVTest-Prefix.pch";
				INFOPLIST_FILE = "OpenCVTest/OpenCVTest-Info.plist";
				PRODUCT_NAME = "$(TARGET_NAME)";
				WRAPPER_EXTENSION = app;
			};
			name = Debug;
		};
		5CA3029119B6EA9500A1337A /* Release */ = {
			isa = XCBuildConfiguration;
			buildSettings = {
				ASSETCATALOG_COMPILER_APPICON_NAME = AppIcon;
				ASSETCATALOG_COMPILER_LAUNCHIMAGE_NAME = LaunchImage;
				FRAMEWORK_SEARCH_PATHS = (
					"$(inherited)",
					/Users/rashid/Downloads,
					"$(PROJECT_DIR)",
				);
				GCC_PRECOMPILE_PREFIX_HEADER = YES;
				GCC_PREFIX_HEADER = "OpenCVTest/OpenCVTest-Prefix.pch";
				INFOPLIST_FILE = "OpenCVTest/OpenCVTest-Info.plist";
				PRODUCT_NAME = "$(TARGET_NAME)";
				WRAPPER_EXTENSION = app;
			};
			name = Release;
		};
		5CA3029319B6EA9500A1337A /* Debug */ = {
			isa = XCBuildConfiguration;
			buildSettings = {
				BUNDLE_LOADER = "$(BUILT_PRODUCTS_DIR)/OpenCVTest.app/OpenCVTest";
				FRAMEWORK_SEARCH_PATHS = (
					"$(SDKROOT)/Developer/Library/Frameworks",
					"$(inherited)",
					"$(DEVELOPER_FRAMEWORKS_DIR)",
				);
				GCC_PRECOMPILE_PREFIX_HEADER = YES;
				GCC_PREFIX_HEADER = "OpenCVTest/OpenCVTest-Prefix.pch";
				GCC_PREPROCESSOR_DEFINITIONS = (
					"DEBUG=1",
					"$(inherited)",
				);
				INFOPLIST_FILE = "OpenCVTestTests/OpenCVTestTests-Info.plist";
				PRODUCT_NAME = "$(TARGET_NAME)";
				TEST_HOST = "$(BUNDLE_LOADER)";
				WRAPPER_EXTENSION = xctest;
			};
			name = Debug;
		};
		5CA3029419B6EA9500A1337A /* Release */ = {
			isa = XCBuildConfiguration;
			buildSettings = {
				BUNDLE_LOADER = "$(BUILT_PRODUCTS_DIR)/OpenCVTest.app/OpenCVTest";
				FRAMEWORK_SEARCH_PATHS = (
					"$(SDKROOT)/Developer/Library/Frameworks",
					"$(inherited)",
					"$(DEVELOPER_FRAMEWORKS_DIR)",
				);
				GCC_PRECOMPILE_PREFIX_HEADER = YES;
				GCC_PREFIX_HEADER = "OpenCVTest/OpenCVTest-Prefix.pch";
				INFOPLIST_FILE = "OpenCVTestTests/OpenCVTestTests-Info.plist";
				PRODUCT_NAME = "$(TARGET_NAME)";
				TEST_HOST = "$(BUNDLE_LOADER)";
				WRAPPER_EXTENSION = xctest;
			};
			name = Release;
		};
/* End XCBuildConfiguration section */

/* Begin XCConfigurationList section */
		5CA3025819B6EA9400A1337A /* Build configuration list for PBXProject "OpenCVTest" */ = {
			isa = XCConfigurationList;
			buildConfigurations = (
				5CA3028D19B6EA9500A1337A /* Debug */,
				5CA3028E19B6EA9500A1337A /* Release */,
			);
			defaultConfigurationIsVisible = 0;
			defaultConfigurationName = Release;
		};
		5CA3028F19B6EA9500A1337A /* Build configuration list for PBXNativeTarget "OpenCVTest" */ = {
			isa = XCConfigurationList;
			buildConfigurations = (
				5CA3029019B6EA9500A1337A /* Debug */,
				5CA3029119B6EA9500A1337A /* Release */,
			);
			defaultConfigurationIsVisible = 0;
			defaultConfigurationName = Release;
		};
		5CA3029219B6EA9500A1337A /* Build configuration list for PBXNativeTarget "OpenCVTestTests" */ = {
			isa = XCConfigurationList;
			buildConfigurations = (
				5CA3029319B6EA9500A1337A /* Debug */,
				5CA3029419B6EA9500A1337A /* Release */,
			);
			defaultConfigurationIsVisible = 0;
			defaultConfigurationName = Release;
		};
/* End XCConfigurationList section */
	};
	rootObject = 5CA3025519B6EA9400A1337A /* Project object */;
}
